
Microsoft Visual Studio Solution File, Format Version 12.00
# Visual Studio 2012
Project("{FAE04EC0-301F-11D3-BF4B-00C04F79EFBC}") = "ApplicationCSI2024", "ApplicationCSI2024\ApplicationCSI2024.csproj", "{81EE1D9C-2B6D-4156-AC3F-D314B35D3153}"
EndProject
Global
	GlobalSection(SolutionConfigurationPlatforms) = preSolution
		Debug|Any CPU = Debug|Any CPU
		Release|Any CPU = Release|Any CPU
	EndGlobalSection
	GlobalSection(ProjectConfigurationPlatforms) = postSolution
		{81EE1D9C-2B6D-4156-AC3F-D314B35D3153}.Debug|Any CPU.ActiveCfg = Debug|Any CPU
		{81EE1D9C-2B6D-4156-AC3F-D314B35D3153}.Debug|Any CPU.Build.0 = Debug|Any CPU
		{81EE1D9C-2B6D-4156-AC3F-D314B35D3153}.Release|Any CPU.ActiveCfg = Release|Any CPU
		{81EE1D9C-2B6D-4156-AC3F-D314B35D3153}.Release|Any CPU.Build.0 = Release|Any CPU
	EndGlobalSection
	GlobalSection(SolutionProperties) = preSolution
		HideSolutionNode = FALSE
	EndGlobalSection
EndGlobal
